
Microsoft Visual Studio Solution File, Format Version 12.00
# Visual Studio Version 17
VisualStudioVersion = 17.4.33213.308
MinimumVisualStudioVersion = 10.0.40219.1
Project("{FAE04EC0-301F-11D3-BF4B-00C04F79EFBC}") = "MyVisualJSONEditor", "MyVisualJSONEditor\MyVisualJSONEditor.csproj", "{C0C8E67A-A5E0-49EE-94F0-0425B29AC2BF}"
EndProject
Project("{FAE04EC0-301F-11D3-BF4B-00C04F79EFBC}") = "VitML.JsonSchemaControlBuilder", "VitML.JsonSchemaControlBuilder\VitML.JsonSchemaControlBuilder.csproj", "{8C5279B5-2C1C-4BD2-B3D7-2E4168760FE5}"
EndProject
Project("{FAE04EC0-301F-11D3-BF4B-00C04F79EFBC}") = "VitML.JsonVM", "VitML.JsonSchemaViewModels\VitML.JsonVM.csproj", "{A03A049A-3C85-48B9-8774-47F07736A1C9}"
EndProject
Project("{FAE04EC0-301F-11D3-BF4B-00C04F79EFBC}") = "VitML.JsonVM.ConsoleTest", "VitML.JsonVM.ConsoleTest\VitML.JsonVM.ConsoleTest.csproj", "{93744515-2F7F-4709-9DBC-A505D8A4DA4B}"
EndProject
Project("{FAE04EC0-301F-11D3-BF4B-00C04F79EFBC}") = "VitML.JsonVM.Tests", "VitML.JsonVM.Tests\VitML.JsonVM.Tests.csproj", "{AA4A0D3E-846D-4CCD-9DEE-E69373DB9860}"
EndProject
Project("{2150E333-8FDC-42A3-9474-1A3956D46DE8}") = "JsonSchema", "JsonSchema", "{F7B3FC12-7B87-4C96-A874-1602F21C32E6}"
EndProject
Project("{FAE04EC0-301F-11D3-BF4B-00C04F79EFBC}") = "My.Json.Schema", "JsonSchema\My.Json.Schema\My.Json.Schema.csproj", "{F8792C62-C58F-4FC8-A142-98D74DBDC24F}"
EndProject
Global
	GlobalSection(SolutionConfigurationPlatforms) = preSolution
		Debug|Any CPU = Debug|Any CPU
		Release|Any CPU = Release|Any CPU
	EndGlobalSection
	GlobalSection(ProjectConfigurationPlatforms) = postSolution
		{C0C8E67A-A5E0-49EE-94F0-0425B29AC2BF}.Debug|Any CPU.ActiveCfg = Debug|Any CPU
		{C0C8E67A-A5E0-49EE-94F0-0425B29AC2BF}.Debug|Any CPU.Build.0 = Debug|Any CPU
		{C0C8E67A-A5E0-49EE-94F0-0425B29AC2BF}.Release|Any CPU.ActiveCfg = Release|Any CPU
		{C0C8E67A-A5E0-49EE-94F0-0425B29AC2BF}.Release|Any CPU.Build.0 = Release|Any CPU
		{8C5279B5-2C1C-4BD2-B3D7-2E4168760FE5}.Debug|Any CPU.ActiveCfg = Debug|Any CPU
		{8C5279B5-2C1C-4BD2-B3D7-2E4168760FE5}.Debug|Any CPU.Build.0 = Debug|Any CPU
		{8C5279B5-2C1C-4BD2-B3D7-2E4168760FE5}.Release|Any CPU.ActiveCfg = Release|Any CPU
		{8C5279B5-2C1C-4BD2-B3D7-2E4168760FE5}.Release|Any CPU.Build.0 = Release|Any CPU
		{A03A049A-3C85-48B9-8774-47F07736A1C9}.Debug|Any CPU.ActiveCfg = Debug|Any CPU
		{A03A049A-3C85-48B9-8774-47F07736A1C9}.Debug|Any CPU.Build.0 = Debug|Any CPU
		{A03A049A-3C85-48B9-8774-47F07736A1C9}.Release|Any CPU.ActiveCfg = Release|Any CPU
		{A03A049A-3C85-48B9-8774-47F07736A1C9}.Release|Any CPU.Build.0 = Release|Any CPU
		{93744515-2F7F-4709-9DBC-A505D8A4DA4B}.Debug|Any CPU.ActiveCfg = Debug|Any CPU
		{93744515-2F7F-4709-9DBC-A505D8A4DA4B}.Debug|Any CPU.Build.0 = Debug|Any CPU
		{93744515-2F7F-4709-9DBC-A505D8A4DA4B}.Release|Any CPU.ActiveCfg = Release|Any CPU
		{93744515-2F7F-4709-9DBC-A505D8A4DA4B}.Release|Any CPU.Build.0 = Release|Any CPU
		{AA4A0D3E-846D-4CCD-9DEE-E69373DB9860}.Debug|Any CPU.ActiveCfg = Debug|Any CPU
		{AA4A0D3E-846D-4CCD-9DEE-E69373DB9860}.Debug|Any CPU.Build.0 = Debug|Any CPU
		{AA4A0D3E-846D-4CCD-9DEE-E69373DB9860}.Release|Any CPU.ActiveCfg = Release|Any CPU
		{AA4A0D3E-846D-4CCD-9DEE-E69373DB9860}.Release|Any CPU.Build.0 = Release|Any CPU
		{F8792C62-C58F-4FC8-A142-98D74DBDC24F}.Debug|Any CPU.ActiveCfg = Debug|Any CPU
		{F8792C62-C58F-4FC8-A142-98D74DBDC24F}.Debug|Any CPU.Build.0 = Debug|Any CPU
		{F8792C62-C58F-4FC8-A142-98D74DBDC24F}.Release|Any CPU.ActiveCfg = Release|Any CPU
		{F8792C62-C58F-4FC8-A142-98D74DBDC24F}.Release|Any CPU.Build.0 = Release|Any CPU
	EndGlobalSection
	GlobalSection(SolutionProperties) = preSolution
		HideSolutionNode = FALSE
	EndGlobalSection
	GlobalSection(NestedProjects) = preSolution
		{F8792C62-C58F-4FC8-A142-98D74DBDC24F} = {F7B3FC12-7B87-4C96-A874-1602F21C32E6}
	EndGlobalSection
	GlobalSection(ExtensibilityGlobals) = postSolution
		SolutionGuid = {8C0F394B-AAB5-4C07-A137-F2D619C64807}
	EndGlobalSection
EndGlobal
